
Microsoft Visual Studio Solution File, Format Version 12.00
# Visual Studio Version 18
VisualStudioVersion = 18.3.11520.95
MinimumVisualStudioVersion = 17.8.0.0
Project("{9A19103F-16F7-4668-BE54-9A1E7A4F7556}") = "SportMap.AppHost", "SportMap.AppHost\SportMap.AppHost.csproj", "{DB71A80C-0291-4EA4-A624-B18E985BF59A}"
EndProject
Project("{9A19103F-16F7-4668-BE54-9A1E7A4F7556}") = "SportMap.PL", "SportMap.PL\SportMap.PL.csproj", "{F1DE665F-2DC1-446E-AB5B-076712B163BC}"
EndProject
Project("{54A90642-561A-4BB1-A94E-469ADEE60C69}") = "frontend", "frontend\frontend.esproj", "{FE20DF03-E77D-41BD-9AA5-FB5A1DBED93C}"
EndProject
Project("{2150E333-8FDC-42A3-9474-1A3956D46DE8}") = "backend", "backend", "{B6FFEF62-735F-4DF4-894B-C54E6F4A8CC3}"
EndProject
Project("{FAE04EC0-301F-11D3-BF4B-00C04F79EFBC}") = "SportMap.DAL", "SportMap.DAL\SportMap.DAL.csproj", "{BFEBA2BD-7574-418C-8186-03F41B3A2403}"
EndProject
Project("{2150E333-8FDC-42A3-9474-1A3956D46DE8}") = "infrastructure", "infrastructure", "{560A94CD-7A45-46CC-AB25-8AFA7995F633}"
EndProject
Project("{FAE04EC0-301F-11D3-BF4B-00C04F79EFBC}") = "SportMap.BLL", "SportMap.BLL\SportMap.BLL.csproj", "{D357560E-A288-423D-9437-7101E6EB2D9F}"
EndProject
Project("{FAE04EC0-301F-11D3-BF4B-00C04F79EFBC}") = "SportMap.AL", "SportMap.AL\SportMap.AL.csproj", "{A402BFBD-BFF1-422F-B9D1-A2A109C3F233}"
EndProject
Project("{2150E333-8FDC-42A3-9474-1A3956D46DE8}") = "3, ApplicationLayer", "3, ApplicationLayer", "{FC241E75-5630-4EC7-B7E2-90BF5D095058}"
EndProject
Project("{2150E333-8FDC-42A3-9474-1A3956D46DE8}") = "1. DataAccessLayer", "1. DataAccessLayer", "{BBFA299C-ACCA-4398-8334-51ADA154C7D1}"
EndProject
Project("{2150E333-8FDC-42A3-9474-1A3956D46DE8}") = "2. BusinessLogicLayer", "2. BusinessLogicLayer", "{694BEA28-B94E-401D-9525-EDCF2FBCCCCA}"
EndProject
Project("{2150E333-8FDC-42A3-9474-1A3956D46DE8}") = "4. PresentationLayer", "4. PresentationLayer", "{814C05DE-8501-4216-A8C0-27F16D38D484}"
EndProject
Project("{FAE04EC0-301F-11D3-BF4B-00C04F79EFBC}") = "SportMap.AL.Abstractions", "SportMap.AL.Abstractions\SportMap.AL.Abstractions.csproj", "{F20175EA-F4EE-45B0-8C04-22C573C5D515}"
EndProject
Project("{FAE04EC0-301F-11D3-BF4B-00C04F79EFBC}") = "SportMap.DAL.Abstractions", "SportMap.DAL.Abstractions\SportMap.DAL.Abstractions.csproj", "{C7C5DFEB-B5C5-4AE5-9E92-2B29064024E6}"
EndProject
Project("{2150E333-8FDC-42A3-9474-1A3956D46DE8}") = "0. Core", "0. Core", "{F4FA4E21-1140-4B29-AF36-AB2F4A96F08C}"
EndProject
Project("{FAE04EC0-301F-11D3-BF4B-00C04F79EFBC}") = "DomainLayer", "DomainLayer\DomainLayer.csproj", "{9877ED29-48B7-4D72-93F7-3CF4B11630A2}"
EndProject
Project("{FAE04EC0-301F-11D3-BF4B-00C04F79EFBC}") = "SportMap.MigrationService", "SportMap.MigrationService\SportMap.MigrationService.csproj", "{35730B0F-EB30-4681-AC65-7D1F85989555}"
EndProject
Project("{FAE04EC0-301F-11D3-BF4B-00C04F79EFBC}") = "SportMap.ServiceDefaults", "SportMap.ServiceDefaults\SportMap.ServiceDefaults.csproj", "{B62B784D-7045-45C7-A4E0-707F08520964}"
EndProject
Global
	GlobalSection(SolutionConfigurationPlatforms) = preSolution
		Debug|Any CPU = Debug|Any CPU
		Debug|x64 = Debug|x64
		Debug|x86 = Debug|x86
		Release|Any CPU = Release|Any CPU
		Release|x64 = Release|x64
		Release|x86 = Release|x86
	EndGlobalSection
	GlobalSection(ProjectConfigurationPlatforms) = postSolution
		{DB71A80C-0291-4EA4-A624-B18E985BF59A}.Debug|Any CPU.ActiveCfg = Debug|Any CPU
		{DB71A80C-0291-4EA4-A624-B18E985BF59A}.Debug|Any CPU.Build.0 = Debug|Any CPU
		{DB71A80C-0291-4EA4-A624-B18E985BF59A}.Debug|x64.ActiveCfg = Debug|Any CPU
		{DB71A80C-0291-4EA4-A624-B18E985BF59A}.Debug|x64.Build.0 = Debug|Any CPU
		{DB71A80C-0291-4EA4-A624-B18E985BF59A}.Debug|x86.ActiveCfg = Debug|Any CPU
		{DB71A80C-0291-4EA4-A624-B18E985BF59A}.Debug|x86.Build.0 = Debug|Any CPU
		{DB71A80C-0291-4EA4-A624-B18E985BF59A}.Release|Any CPU.ActiveCfg = Release|Any CPU
		{DB71A80C-0291-4EA4-A624-B18E985BF59A}.Release|Any CPU.Build.0 = Release|Any CPU
		{DB71A80C-0291-4EA4-A624-B18E985BF59A}.Release|x64.ActiveCfg = Release|Any CPU
		{DB71A80C-0291-4EA4-A624-B18E985BF59A}.Release|x64.Build.0 = Release|Any CPU
		{DB71A80C-0291-4EA4-A624-B18E985BF59A}.Release|x86.ActiveCfg = Release|Any CPU
		{DB71A80C-0291-4EA4-A624-B18E985BF59A}.Release|x86.Build.0 = Release|Any CPU
		{F1DE665F-2DC1-446E-AB5B-076712B163BC}.Debug|Any CPU.ActiveCfg = Debug|Any CPU
		{F1DE665F-2DC1-446E-AB5B-076712B163BC}.Debug|Any CPU.Build.0 = Debug|Any CPU
		{F1DE665F-2DC1-446E-AB5B-076712B163BC}.Debug|x64.ActiveCfg = Debug|Any CPU
		{F1DE665F-2DC1-446E-AB5B-076712B163BC}.Debug|x64.Build.0 = Debug|Any CPU
		{F1DE665F-2DC1-446E-AB5B-076712B163BC}.Debug|x86.ActiveCfg = Debug|Any CPU
		{F1DE665F-2DC1-446E-AB5B-076712B163BC}.Debug|x86.Build.0 = Debug|Any CPU
		{F1DE665F-2DC1-446E-AB5B-076712B163BC}.Release|Any CPU.ActiveCfg = Release|Any CPU
		{F1DE665F-2DC1-446E-AB5B-076712B163BC}.Release|Any CPU.Build.0 = Release|Any CPU
		{F1DE665F-2DC1-446E-AB5B-076712B163BC}.Release|x64.ActiveCfg = Release|Any CPU
		{F1DE665F-2DC1-446E-AB5B-076712B163BC}.Release|x64.Build.0 = Release|Any CPU
		{F1DE665F-2DC1-446E-AB5B-076712B163BC}.Release|x86.ActiveCfg = Release|Any CPU
		{F1DE665F-2DC1-446E-AB5B-076712B163BC}.Release|x86.Build.0 = Release|Any CPU
		{FE20DF03-E77D-41BD-9AA5-FB5A1DBED93C}.Debug|Any CPU.ActiveCfg = Debug|Any CPU
		{FE20DF03-E77D-41BD-9AA5-FB5A1DBED93C}.Debug|Any CPU.Build.0 = Debug|Any CPU
		{FE20DF03-E77D-41BD-9AA5-FB5A1DBED93C}.Debug|x64.ActiveCfg = Debug|x64
		{FE20DF03-E77D-41BD-9AA5-FB5A1DBED93C}.Debug|x86.ActiveCfg = Debug|x86
		{FE20DF03-E77D-41BD-9AA5-FB5A1DBED93C}.Release|Any CPU.ActiveCfg = Release|Any CPU
		{FE20DF03-E77D-41BD-9AA5-FB5A1DBED93C}.Release|Any CPU.Build.0 = Release|Any CPU
		{FE20DF03-E77D-41BD-9AA5-FB5A1DBED93C}.Release|x64.ActiveCfg = Release|x64
		{FE20DF03-E77D-41BD-9AA5-FB5A1DBED93C}.Release|x86.ActiveCfg = Release|x86
		{BFEBA2BD-7574-418C-8186-03F41B3A2403}.Debug|Any CPU.ActiveCfg = Debug|Any CPU
		{BFEBA2BD-7574-418C-8186-03F41B3A2403}.Debug|Any CPU.Build.0 = Debug|Any CPU
		{BFEBA2BD-7574-418C-8186-03F41B3A2403}.Debug|x64.ActiveCfg = Debug|Any CPU
		{BFEBA2BD-7574-418C-8186-03F41B3A2403}.Debug|x64.Build.0 = Debug|Any CPU
		{BFEBA2BD-7574-418C-8186-03F41B3A2403}.Debug|x86.ActiveCfg = Debug|Any CPU
		{BFEBA2BD-7574-418C-8186-03F41B3A2403}.Debug|x86.Build.0 = Debug|Any CPU
		{BFEBA2BD-7574-418C-8186-03F41B3A2403}.Release|Any CPU.ActiveCfg = Release|Any CPU
		{BFEBA2BD-7574-418C-8186-03F41B3A2403}.Release|Any CPU.Build.0 = Release|Any CPU
		{BFEBA2BD-7574-418C-8186-03F41B3A2403}.Release|x64.ActiveCfg = Release|Any CPU
		{BFEBA2BD-7574-418C-8186-03F41B3A2403}.Release|x64.Build.0 = Release|Any CPU
		{BFEBA2BD-7574-418C-8186-03F41B3A2403}.Release|x86.ActiveCfg = Release|Any CPU
		{BFEBA2BD-7574-418C-8186-03F41B3A2403}.Release|x86.Build.0 = Release|Any CPU
		{D357560E-A288-423D-9437-7101E6EB2D9F}.Debug|Any CPU.ActiveCfg = Debug|Any CPU
		{D357560E-A288-423D-9437-7101E6EB2D9F}.Debug|Any CPU.Build.0 = Debug|Any CPU
		{D357560E-A288-423D-9437-7101E6EB2D9F}.Debug|x64.ActiveCfg = Debug|Any CPU
		{D357560E-A288-423D-9437-7101E6EB2D9F}.Debug|x64.Build.0 = Debug|Any CPU
		{D357560E-A288-423D-9437-7101E6EB2D9F}.Debug|x86.ActiveCfg = Debug|Any CPU
		{D357560E-A288-423D-9437-7101E6EB2D9F}.Debug|x86.Build.0 = Debug|Any CPU
		{D357560E-A288-423D-9437-7101E6EB2D9F}.Release|Any CPU.ActiveCfg = Release|Any CPU
		{D357560E-A288-423D-9437-7101E6EB2D9F}.Release|Any CPU.Build.0 = Release|Any CPU
		{D357560E-A288-423D-9437-7101E6EB2D9F}.Release|x64.ActiveCfg = Release|Any CPU
		{D357560E-A288-423D-9437-7101E6EB2D9F}.Release|x64.Build.0 = Release|Any CPU
		{D357560E-A288-423D-9437-7101E6EB2D9F}.Release|x86.ActiveCfg = Release|Any CPU
		{D357560E-A288-423D-9437-7101E6EB2D9F}.Release|x86.Build.0 = Release|Any CPU
		{A402BFBD-BFF1-422F-B9D1-A2A109C3F233}.Debug|Any CPU.ActiveCfg = Debug|Any CPU
		{A402BFBD-BFF1-422F-B9D1-A2A109C3F233}.Debug|Any CPU.Build.0 = Debug|Any CPU
		{A402BFBD-BFF1-422F-B9D1-A2A109C3F233}.Debug|x64.ActiveCfg = Debug|Any CPU
		{A402BFBD-BFF1-422F-B9D1-A2A109C3F233}.Debug|x64.Build.0 = Debug|Any CPU
		{A402BFBD-BFF1-422F-B9D1-A2A109C3F233}.Debug|x86.ActiveCfg = Debug|Any CPU
		{A402BFBD-BFF1-422F-B9D1-A2A109C3F233}.Debug|x86.Build.0 = Debug|Any CPU
		{A402BFBD-BFF1-422F-B9D1-A2A109C3F233}.Release|Any CPU.ActiveCfg = Release|Any CPU
		{A402BFBD-BFF1-422F-B9D1-A2A109C3F233}.Release|Any CPU.Build.0 = Release|Any CPU
		{A402BFBD-BFF1-422F-B9D1-A2A109C3F233}.Release|x64.ActiveCfg = Release|Any CPU
		{A402BFBD-BFF1-422F-B9D1-A2A109C3F233}.Release|x64.Build.0 = Release|Any CPU
		{A402BFBD-BFF1-422F-B9D1-A2A109C3F233}.Release|x86.ActiveCfg = Release|Any CPU
		{A402BFBD-BFF1-422F-B9D1-A2A109C3F233}.Release|x86.Build.0 = Release|Any CPU
		{F20175EA-F4EE-45B0-8C04-22C573C5D515}.Debug|Any CPU.ActiveCfg = Debug|Any CPU
		{F20175EA-F4EE-45B0-8C04-22C573C5D515}.Debug|Any CPU.Build.0 = Debug|Any CPU
		{F20175EA-F4EE-45B0-8C04-22C573C5D515}.Debug|x64.ActiveCfg = Debug|Any CPU
		{F20175EA-F4EE-45B0-8C04-22C573C5D515}.Debug|x64.Build.0 = Debug|Any CPU
		{F20175EA-F4EE-45B0-8C04-22C573C5D515}.Debug|x86.ActiveCfg = Debug|Any CPU
		{F20175EA-F4EE-45B0-8C04-22C573C5D515}.Debug|x86.Build.0 = Debug|Any CPU
		{F20175EA-F4EE-45B0-8C04-22C573C5D515}.Release|Any CPU.ActiveCfg = Release|Any CPU
		{F20175EA-F4EE-45B0-8C04-22C573C5D515}.Release|Any CPU.Build.0 = Release|Any CPU
		{F20175EA-F4EE-45B0-8C04-22C573C5D515}.Release|x64.ActiveCfg = Release|Any CPU
		{F20175EA-F4EE-45B0-8C04-22C573C5D515}.Release|x64.Build.0 = Release|Any CPU
		{F20175EA-F4EE-45B0-8C04-22C573C5D515}.Release|x86.ActiveCfg = Release|Any CPU
		{F20175EA-F4EE-45B0-8C04-22C573C5D515}.Release|x86.Build.0 = Release|Any CPU
		{C7C5DFEB-B5C5-4AE5-9E92-2B29064024E6}.Debug|Any CPU.ActiveCfg = Debug|Any CPU
		{C7C5DFEB-B5C5-4AE5-9E92-2B29064024E6}.Debug|Any CPU.Build.0 = Debug|Any CPU
		{C7C5DFEB-B5C5-4AE5-9E92-2B29064024E6}.Debug|x64.ActiveCfg = Debug|Any CPU
		{C7C5DFEB-B5C5-4AE5-9E92-2B29064024E6}.Debug|x64.Build.0 = Debug|Any CPU
		{C7C5DFEB-B5C5-4AE5-9E92-2B29064024E6}.Debug|x86.ActiveCfg = Debug|Any CPU
		{C7C5DFEB-B5C5-4AE5-9E92-2B29064024E6}.Debug|x86.Build.0 = Debug|Any CPU
		{C7C5DFEB-B5C5-4AE5-9E92-2B29064024E6}.Release|Any CPU.ActiveCfg = Release|Any CPU
		{C7C5DFEB-B5C5-4AE5-9E92-2B29064024E6}.Release|Any CPU.Build.0 = Release|Any CPU
		{C7C5DFEB-B5C5-4AE5-9E92-2B29064024E6}.Release|x64.ActiveCfg = Release|Any CPU
		{C7C5DFEB-B5C5-4AE5-9E92-2B29064024E6}.Release|x64.Build.0 = Release|Any CPU
		{C7C5DFEB-B5C5-4AE5-9E92-2B29064024E6}.Release|x86.ActiveCfg = Release|Any CPU
		{C7C5DFEB-B5C5-4AE5-9E92-2B29064024E6}.Release|x86.Build.0 = Release|Any CPU
		{9877ED29-48B7-4D72-93F7-3CF4B11630A2}.Debug|Any CPU.ActiveCfg = Debug|Any CPU
		{9877ED29-48B7-4D72-93F7-3CF4B11630A2}.Debug|Any CPU.Build.0 = Debug|Any CPU
		{9877ED29-48B7-4D72-93F7-3CF4B11630A2}.Debug|x64.ActiveCfg = Debug|Any CPU
		{9877ED29-48B7-4D72-93F7-3CF4B11630A2}.Debug|x64.Build.0 = Debug|Any CPU
		{9877ED29-48B7-4D72-93F7-3CF4B11630A2}.Debug|x86.ActiveCfg = Debug|Any CPU
		{9877ED29-48B7-4D72-93F7-3CF4B11630A2}.Debug|x86.Build.0 = Debug|Any CPU
		{9877ED29-48B7-4D72-93F7-3CF4B11630A2}.Release|Any CPU.ActiveCfg = Release|Any CPU
		{9877ED29-48B7-4D72-93F7-3CF4B11630A2}.Release|Any CPU.Build.0 = Release|Any CPU
		{9877ED29-48B7-4D72-93F7-3CF4B11630A2}.Release|x64.ActiveCfg = Release|Any CPU
		{9877ED29-48B7-4D72-93F7-3CF4B11630A2}.Release|x64.Build.0 = Release|Any CPU
		{9877ED29-48B7-4D72-93F7-3CF4B11630A2}.Release|x86.ActiveCfg = Release|Any CPU
		{9877ED29-48B7-4D72-93F7-3CF4B11630A2}.Release|x86.Build.0 = Release|Any CPU
		{35730B0F-EB30-4681-AC65-7D1F85989555}.Debug|Any CPU.ActiveCfg = Debug|Any CPU
		{35730B0F-EB30-4681-AC65-7D1F85989555}.Debug|Any CPU.Build.0 = Debug|Any CPU
		{35730B0F-EB30-4681-AC65-7D1F85989555}.Debug|x64.ActiveCfg = Debug|Any CPU
		{35730B0F-EB30-4681-AC65-7D1F85989555}.Debug|x64.Build.0 = Debug|Any CPU
		{35730B0F-EB30-4681-AC65-7D1F85989555}.Debug|x86.ActiveCfg = Debug|Any CPU
		{35730B0F-EB30-4681-AC65-7D1F85989555}.Debug|x86.Build.0 = Debug|Any CPU
		{35730B0F-EB30-4681-AC65-7D1F85989555}.Release|Any CPU.ActiveCfg = Release|Any CPU
		{35730B0F-EB30-4681-AC65-7D1F85989555}.Release|Any CPU.Build.0 = Release|Any CPU
		{35730B0F-EB30-4681-AC65-7D1F85989555}.Release|x64.ActiveCfg = Release|Any CPU
		{35730B0F-EB30-4681-AC65-7D1F85989555}.Release|x64.Build.0 = Release|Any CPU
		{35730B0F-EB30-4681-AC65-7D1F85989555}.Release|x86.ActiveCfg = Release|Any CPU
		{35730B0F-EB30-4681-AC65-7D1F85989555}.Release|x86.Build.0 = Release|Any CPU
		{B62B784D-7045-45C7-A4E0-707F08520964}.Debug|Any CPU.ActiveCfg = Debug|Any CPU
		{B62B784D-7045-45C7-A4E0-707F08520964}.Debug|Any CPU.Build.0 = Debug|Any CPU
		{B62B784D-7045-45C7-A4E0-707F08520964}.Debug|x64.ActiveCfg = Debug|Any CPU
		{B62B784D-7045-45C7-A4E0-707F08520964}.Debug|x64.Build.0 = Debug|Any CPU
		{B62B784D-7045-45C7-A4E0-707F08520964}.Debug|x86.ActiveCfg = Debug|Any CPU
		{B62B784D-7045-45C7-A4E0-707F08520964}.Debug|x86.Build.0 = Debug|Any CPU
		{B62B784D-7045-45C7-A4E0-707F08520964}.Release|Any CPU.ActiveCfg = Release|Any CPU
		{B62B784D-7045-45C7-A4E0-707F08520964}.Release|Any CPU.Build.0 = Release|Any CPU
		{B62B784D-7045-45C7-A4E0-707F08520964}.Release|x64.ActiveCfg = Release|Any CPU
		{B62B784D-7045-45C7-A4E0-707F08520964}.Release|x64.Build.0 = Release|Any CPU
		{B62B784D-7045-45C7-A4E0-707F08520964}.Release|x86.ActiveCfg = Release|Any CPU
		{B62B784D-7045-45C7-A4E0-707F08520964}.Release|x86.Build.0 = Release|Any CPU
	EndGlobalSection
	GlobalSection(SolutionProperties) = preSolution
		HideSolutionNode = FALSE
	EndGlobalSection
	GlobalSection(NestedProjects) = preSolution
		{DB71A80C-0291-4EA4-A624-B18E985BF59A} = {560A94CD-7A45-46CC-AB25-8AFA7995F633}
		{F1DE665F-2DC1-446E-AB5B-076712B163BC} = {814C05DE-8501-4216-A8C0-27F16D38D484}
		{BFEBA2BD-7574-418C-8186-03F41B3A2403} = {BBFA299C-ACCA-4398-8334-51ADA154C7D1}
		{D357560E-A288-423D-9437-7101E6EB2D9F} = {694BEA28-B94E-401D-9525-EDCF2FBCCCCA}
		{A402BFBD-BFF1-422F-B9D1-A2A109C3F233} = {FC241E75-5630-4EC7-B7E2-90BF5D095058}
		{FC241E75-5630-4EC7-B7E2-90BF5D095058} = {B6FFEF62-735F-4DF4-894B-C54E6F4A8CC3}
		{BBFA299C-ACCA-4398-8334-51ADA154C7D1} = {B6FFEF62-735F-4DF4-894B-C54E6F4A8CC3}
		{694BEA28-B94E-401D-9525-EDCF2FBCCCCA} = {B6FFEF62-735F-4DF4-894B-C54E6F4A8CC3}
		{814C05DE-8501-4216-A8C0-27F16D38D484} = {B6FFEF62-735F-4DF4-894B-C54E6F4A8CC3}
		{F20175EA-F4EE-45B0-8C04-22C573C5D515} = {FC241E75-5630-4EC7-B7E2-90BF5D095058}
		{C7C5DFEB-B5C5-4AE5-9E92-2B29064024E6} = {BBFA299C-ACCA-4398-8334-51ADA154C7D1}
		{F4FA4E21-1140-4B29-AF36-AB2F4A96F08C} = {B6FFEF62-735F-4DF4-894B-C54E6F4A8CC3}
		{9877ED29-48B7-4D72-93F7-3CF4B11630A2} = {F4FA4E21-1140-4B29-AF36-AB2F4A96F08C}
	EndGlobalSection
	GlobalSection(ExtensibilityGlobals) = postSolution
		SolutionGuid = {61EC7853-D878-48F5-A1EC-F8B2C3BA46CB}
	EndGlobalSection
EndGlobal
